
Microsoft Visual Studio Solution File, Format Version 12.00
# Visual Studio Version 16
VisualStudioVersion = 16.0.30413.136
MinimumVisualStudioVersion = 10.0.40219.1
Project("{FAE04EC0-301F-11D3-BF4B-00C04F79EFBC}") = "AngularClassApi", "AngularClassApi\AngularClassApi.csproj", "{565BEFE2-CCDC-4FB4-ADB6-765D5E76BBAE}"
EndProject
Global
	GlobalSection(SolutionConfigurationPlatforms) = preSolution
		Debug|Any CPU = Debug|Any CPU
		Release|Any CPU = Release|Any CPU
	EndGlobalSection
	GlobalSection(ProjectConfigurationPlatforms) = postSolution
		{565BEFE2-CCDC-4FB4-ADB6-765D5E76BBAE}.Debug|Any CPU.ActiveCfg = Debug|Any CPU
		{565BEFE2-CCDC-4FB4-ADB6-765D5E76BBAE}.Debug|Any CPU.Build.0 = Debug|Any CPU
		{565BEFE2-CCDC-4FB4-ADB6-765D5E76BBAE}.Release|Any CPU.ActiveCfg = Release|Any CPU
		{565BEFE2-CCDC-4FB4-ADB6-765D5E76BBAE}.Release|Any CPU.Build.0 = Release|Any CPU
	EndGlobalSection
	GlobalSection(SolutionProperties) = preSolution
		HideSolutionNode = FALSE
	EndGlobalSection
	GlobalSection(ExtensibilityGlobals) = postSolution
		SolutionGuid = {271039D0-3673-49AE-A570-8C78D886D4DE}
	EndGlobalSection
EndGlobal
